
Microsoft Visual Studio Solution File, Format Version 12.00
# Visual Studio Version 17
VisualStudioVersion = 17.0.31903.59
MinimumVisualStudioVersion = 10.0.40219.1
Project("{FAE04EC0-301F-11D3-BF4B-00C04F79EFBC}") = "IvInfo", "IvInfo\IvInfo.csproj", "{127FFF07-A038-450A-9693-75DEA49CE251}"
EndProject
Project("{FAE04EC0-301F-11D3-BF4B-00C04F79EFBC}") = "IvInfo.Tests", "IvInfo.Tests\IvInfo.Tests.csproj", "{34B30231-8A77-4912-BB4C-D42D290F2398}"
EndProject
Global
	GlobalSection(SolutionConfigurationPlatforms) = preSolution
		Debug|Any CPU = Debug|Any CPU
		Release|Any CPU = Release|Any CPU
	EndGlobalSection
	GlobalSection(SolutionProperties) = preSolution
		HideSolutionNode = FALSE
	EndGlobalSection
	GlobalSection(ProjectConfigurationPlatforms) = postSolution
		{127FFF07-A038-450A-9693-75DEA49CE251}.Debug|Any CPU.ActiveCfg = Debug|Any CPU
		{127FFF07-A038-450A-9693-75DEA49CE251}.Debug|Any CPU.Build.0 = Debug|Any CPU
		{127FFF07-A038-450A-9693-75DEA49CE251}.Release|Any CPU.ActiveCfg = Release|Any CPU
		{127FFF07-A038-450A-9693-75DEA49CE251}.Release|Any CPU.Build.0 = Release|Any CPU
		{34B30231-8A77-4912-BB4C-D42D290F2398}.Debug|Any CPU.ActiveCfg = Debug|Any CPU
		{34B30231-8A77-4912-BB4C-D42D290F2398}.Debug|Any CPU.Build.0 = Debug|Any CPU
		{34B30231-8A77-4912-BB4C-D42D290F2398}.Release|Any CPU.ActiveCfg = Release|Any CPU
		{34B30231-8A77-4912-BB4C-D42D290F2398}.Release|Any CPU.Build.0 = Release|Any CPU
	EndGlobalSection
EndGlobal
